// !$*UTF8*$!
{
	archiveVersion = 1;
	classes = {
	};
	objectVersion = 56;
	objects = {

/* Begin PBXBuildFile section */
		E82817BE2BE7D0D900410F65 /* ParkEntity+Extension.swift in Sources */ = {isa = PBXBuildFile; fileRef = E82817BD2BE7D0D900410F65 /* ParkEntity+Extension.swift */; };
		E82817C02BE7D3A400410F65 /* ParksView.swift in Sources */ = {isa = PBXBuildFile; fileRef = E82817BF2BE7D3A400410F65 /* ParksView.swift */; };
		E82B3BDE2BE79DCB00D956CE /* CoreDataMasteryApp.swift in Sources */ = {isa = PBXBuildFile; fileRef = E82B3BDD2BE79DCB00D956CE /* CoreDataMasteryApp.swift */; };
		E82B3BE02BE79DCB00D956CE /* ContentView.swift in Sources */ = {isa = PBXBuildFile; fileRef = E82B3BDF2BE79DCB00D956CE /* ContentView.swift */; };
		E82B3BE22BE79DCC00D956CE /* Assets.xcassets in Resources */ = {isa = PBXBuildFile; fileRef = E82B3BE12BE79DCC00D956CE /* Assets.xcassets */; };
		E82B3BE52BE79DCC00D956CE /* Preview Assets.xcassets in Resources */ = {isa = PBXBuildFile; fileRef = E82B3BE42BE79DCC00D956CE /* Preview Assets.xcassets */; };
		E82B3BED2BE7A68600D956CE /* MasteryData.xcdatamodeld in Sources */ = {isa = PBXBuildFile; fileRef = E82B3BEB2BE7A68600D956CE /* MasteryData.xcdatamodeld */; };
		E82B3BEF2BE7AD9800D956CE /* CoreDataManger.swift in Sources */ = {isa = PBXBuildFile; fileRef = E82B3BEE2BE7AD9800D956CE /* CoreDataManger.swift */; };
		E82B3BF12BE7B48800D956CE /* PeopleView.swift in Sources */ = {isa = PBXBuildFile; fileRef = E82B3BF02BE7B48800D956CE /* PeopleView.swift */; };
		E8A094212BE7C3280022C3CA /* PreviewingDataIntro.swift in Sources */ = {isa = PBXBuildFile; fileRef = E8A094202BE7C3280022C3CA /* PreviewingDataIntro.swift */; };
		E8BBCA7F2BE87FD800A8838F /* FetchRequestBuiltIntoEntity.swift in Sources */ = {isa = PBXBuildFile; fileRef = E8BBCA7E2BE87FD800A8838F /* FetchRequestBuiltIntoEntity.swift */; };
		E8BBCA812BE88CDE00A8838F /* SFRIntro.swift in Sources */ = {isa = PBXBuildFile; fileRef = E8BBCA802BE88CDE00A8838F /* SFRIntro.swift */; };
		E8BBCA832BE8944900A8838F /* SwiftUIView.swift in Sources */ = {isa = PBXBuildFile; fileRef = E8BBCA822BE8944900A8838F /* SwiftUIView.swift */; };
		E8BBCA8B2BE8A35200A8838F /* TaskEntity+Extension.swift in Sources */ = {isa = PBXBuildFile; fileRef = E8BBCA8A2BE8A35200A8838F /* TaskEntity+Extension.swift */; };
		E8BBCA8E2BE8B47A00A8838F /* MOCDelete.swift in Sources */ = {isa = PBXBuildFile; fileRef = E8BBCA8D2BE8B47A00A8838F /* MOCDelete.swift */; };
		E8BBCA902BE8E47400A8838F /* EditTaskView.swift in Sources */ = {isa = PBXBuildFile; fileRef = E8BBCA8F2BE8E47400A8838F /* EditTaskView.swift */; };
		E8BBCA922BE8EDF400A8838F /* InsertTaskView.swift in Sources */ = {isa = PBXBuildFile; fileRef = E8BBCA912BE8EDF400A8838F /* InsertTaskView.swift */; };
/* End PBXBuildFile section */

/* Begin PBXFileReference section */
		E82817BD2BE7D0D900410F65 /* ParkEntity+Extension.swift */ = {isa = PBXFileReference; lastKnownFileType = sourcecode.swift; path = "ParkEntity+Extension.swift"; sourceTree = "<group>"; };
		E82817BF2BE7D3A400410F65 /* ParksView.swift */ = {isa = PBXFileReference; lastKnownFileType = sourcecode.swift; path = ParksView.swift; sourceTree = "<group>"; };
		E82B3BDA2BE79DCB00D956CE /* CoreDataMastery.app */ = {isa = PBXFileReference; explicitFileType = wrapper.application; includeInIndex = 0; path = CoreDataMastery.app; sourceTree = BUILT_PRODUCTS_DIR; };
		E82B3BDD2BE79DCB00D956CE /* CoreDataMasteryApp.swift */ = {isa = PBXFileReference; lastKnownFileType = sourcecode.swift; path = CoreDataMasteryApp.swift; sourceTree = "<group>"; };
		E82B3BDF2BE79DCB00D956CE /* ContentView.swift */ = {isa = PBXFileReference; lastKnownFileType = sourcecode.swift; path = ContentView.swift; sourceTree = "<group>"; };
		E82B3BE12BE79DCC00D956CE /* Assets.xcassets */ = {isa = PBXFileReference; lastKnownFileType = folder.assetcatalog; path = Assets.xcassets; sourceTree = "<group>"; };
		E82B3BE42BE79DCC00D956CE /* Preview Assets.xcassets */ = {isa = PBXFileReference; lastKnownFileType = folder.assetcatalog; path = "Preview Assets.xcassets"; sourceTree = "<group>"; };
		E82B3BEC2BE7A68600D956CE /* MasteryData.xcdatamodel */ = {isa = PBXFileReference; lastKnownFileType = wrapper.xcdatamodel; path = MasteryData.xcdatamodel; sourceTree = "<group>"; };
		E82B3BEE2BE7AD9800D956CE /* CoreDataManger.swift */ = {isa = PBXFileReference; lastKnownFileType = sourcecode.swift; path = CoreDataManger.swift; sourceTree = "<group>"; };
		E82B3BF02BE7B48800D956CE /* PeopleView.swift */ = {isa = PBXFileReference; lastKnownFileType = sourcecode.swift; path = PeopleView.swift; sourceTree = "<group>"; };
		E8A094202BE7C3280022C3CA /* PreviewingDataIntro.swift */ = {isa = PBXFileReference; lastKnownFileType = sourcecode.swift; path = PreviewingDataIntro.swift; sourceTree = "<group>"; };
		E8BBCA7E2BE87FD800A8838F /* FetchRequestBuiltIntoEntity.swift */ = {isa = PBXFileReference; lastKnownFileType = sourcecode.swift; path = FetchRequestBuiltIntoEntity.swift; sourceTree = "<group>"; };
		E8BBCA802BE88CDE00A8838F /* SFRIntro.swift */ = {isa = PBXFileReference; lastKnownFileType = sourcecode.swift; path = SFRIntro.swift; sourceTree = "<group>"; };
		E8BBCA822BE8944900A8838F /* SwiftUIView.swift */ = {isa = PBXFileReference; lastKnownFileType = sourcecode.swift; path = SwiftUIView.swift; sourceTree = "<group>"; };
		E8BBCA8A2BE8A35200A8838F /* TaskEntity+Extension.swift */ = {isa = PBXFileReference; lastKnownFileType = sourcecode.swift; path = "TaskEntity+Extension.swift"; sourceTree = "<group>"; };
		E8BBCA8D2BE8B47A00A8838F /* MOCDelete.swift */ = {isa = PBXFileReference; lastKnownFileType = sourcecode.swift; path = MOCDelete.swift; sourceTree = "<group>"; };
		E8BBCA8F2BE8E47400A8838F /* EditTaskView.swift */ = {isa = PBXFileReference; lastKnownFileType = sourcecode.swift; path = EditTaskView.swift; sourceTree = "<group>"; };
		E8BBCA912BE8EDF400A8838F /* InsertTaskView.swift */ = {isa = PBXFileReference; lastKnownFileType = sourcecode.swift; path = InsertTaskView.swift; sourceTree = "<group>"; };
/* End PBXFileReference section */

/* Begin PBXFrameworksBuildPhase section */
		E82B3BD72BE79DCB00D956CE /* Frameworks */ = {
			isa = PBXFrameworksBuildPhase;
			buildActionMask = 2147483647;
			files = (
			);
			runOnlyForDeploymentPostprocessing = 0;
		};
/* End PBXFrameworksBuildPhase section */

/* Begin PBXGroup section */
		E82B3BD12BE79DCB00D956CE = {
			isa = PBXGroup;
			children = (
				E82B3BDC2BE79DCB00D956CE /* CoreDataMastery */,
				E82B3BDB2BE79DCB00D956CE /* Products */,
			);
			sourceTree = "<group>";
		};
		E82B3BDB2BE79DCB00D956CE /* Products */ = {
			isa = PBXGroup;
			children = (
				E82B3BDA2BE79DCB00D956CE /* CoreDataMastery.app */,
			);
			name = Products;
			sourceTree = "<group>";
		};
		E82B3BDC2BE79DCB00D956CE /* CoreDataMastery */ = {
			isa = PBXGroup;
			children = (
				E8BBCA852BE8A2AC00A8838F /* App */,
				E8BBCA862BE8A2BC00A8838F /* Supporting Files */,
				E8BBCA872BE8A30700A8838F /* Person */,
				E8BBCA842BE8A29F00A8838F /* Park */,
				E8BBCA8C2BE8B1F100A8838F /* Task */,
			);
			path = CoreDataMastery;
			sourceTree = "<group>";
		};
		E82B3BE32BE79DCC00D956CE /* Preview Content */ = {
			isa = PBXGroup;
			children = (
				E82B3BE42BE79DCC00D956CE /* Preview Assets.xcassets */,
			);
			path = "Preview Content";
			sourceTree = "<group>";
		};
		E8BBCA842BE8A29F00A8838F /* Park */ = {
			isa = PBXGroup;
			children = (
				E82817BD2BE7D0D900410F65 /* ParkEntity+Extension.swift */,
				E8BBCA7E2BE87FD800A8838F /* FetchRequestBuiltIntoEntity.swift */,
				E8BBCA802BE88CDE00A8838F /* SFRIntro.swift */,
				E8BBCA822BE8944900A8838F /* SwiftUIView.swift */,
				E82817BF2BE7D3A400410F65 /* ParksView.swift */,
			);
			path = Park;
			sourceTree = "<group>";
		};
		E8BBCA852BE8A2AC00A8838F /* App */ = {
			isa = PBXGroup;
			children = (
				E82B3BDD2BE79DCB00D956CE /* CoreDataMasteryApp.swift */,
			);
			path = App;
			sourceTree = "<group>";
		};
		E8BBCA862BE8A2BC00A8838F /* Supporting Files */ = {
			isa = PBXGroup;
			children = (
				E82B3BEE2BE7AD9800D956CE /* CoreDataManger.swift */,
				E82B3BEB2BE7A68600D956CE /* MasteryData.xcdatamodeld */,
				E82B3BE12BE79DCC00D956CE /* Assets.xcassets */,
				E82B3BE32BE79DCC00D956CE /* Preview Content */,
			);
			name = "Supporting Files";
			sourceTree = "<group>";
		};
		E8BBCA872BE8A30700A8838F /* Person */ = {
			isa = PBXGroup;
			children = (
				E82B3BF02BE7B48800D956CE /* PeopleView.swift */,
				E8A094202BE7C3280022C3CA /* PreviewingDataIntro.swift */,
				E82B3BDF2BE79DCB00D956CE /* ContentView.swift */,
			);
			path = Person;
			sourceTree = "<group>";
		};
		E8BBCA8C2BE8B1F100A8838F /* Task */ = {
			isa = PBXGroup;
			children = (
				E8BBCA8A2BE8A35200A8838F /* TaskEntity+Extension.swift */,
				E8BBCA8D2BE8B47A00A8838F /* MOCDelete.swift */,
				E8BBCA8F2BE8E47400A8838F /* EditTaskView.swift */,
				E8BBCA912BE8EDF400A8838F /* InsertTaskView.swift */,
			);
			path = Task;
			sourceTree = "<group>";
		};
/* End PBXGroup section */

/* Begin PBXNativeTarget section */
		E82B3BD92BE79DCB00D956CE /* CoreDataMastery */ = {
			isa = PBXNativeTarget;
			buildConfigurationList = E82B3BE82BE79DCC00D956CE /* Build configuration list for PBXNativeTarget "CoreDataMastery" */;
			buildPhases = (
				E82B3BD62BE79DCB00D956CE /* Sources */,
				E82B3BD72BE79DCB00D956CE /* Frameworks */,
				E82B3BD82BE79DCB00D956CE /* Resources */,
			);
			buildRules = (
			);
			dependencies = (
			);
			name = CoreDataMastery;
			productName = CoreDataMastery;
			productReference = E82B3BDA2BE79DCB00D956CE /* CoreDataMastery.app */;
			productType = "com.apple.product-type.application";
		};
/* End PBXNativeTarget section */

/* Begin PBXProject section */
		E82B3BD22BE79DCB00D956CE /* Project object */ = {
			isa = PBXProject;
			attributes = {
				BuildIndependentTargetsInParallel = 1;
				LastSwiftUpdateCheck = 1530;
				LastUpgradeCheck = 1530;
				TargetAttributes = {
					E82B3BD92BE79DCB00D956CE = {
						CreatedOnToolsVersion = 15.3;
					};
				};
			};
			buildConfigurationList = E82B3BD52BE79DCB00D956CE /* Build configuration list for PBXProject "CoreDataMastery" */;
			compatibilityVersion = "Xcode 14.0";
			developmentRegion = en;
			hasScannedForEncodings = 0;
			knownRegions = (
				en,
				Base,
			);
			mainGroup = E82B3BD12BE79DCB00D956CE;
			productRefGroup = E82B3BDB2BE79DCB00D956CE /* Products */;
			projectDirPath = "";
			projectRoot = "";
			targets = (
				E82B3BD92BE79DCB00D956CE /* CoreDataMastery */,
			);
		};
/* End PBXProject section */

/* Begin PBXResourcesBuildPhase section */
		E82B3BD82BE79DCB00D956CE /* Resources */ = {
			isa = PBXResourcesBuildPhase;
			buildActionMask = 2147483647;
			files = (
				E82B3BE52BE79DCC00D956CE /* Preview Assets.xcassets in Resources */,
				E82B3BE22BE79DCC00D956CE /* Assets.xcassets in Resources */,
			);
			runOnlyForDeploymentPostprocessing = 0;
		};
/* End PBXResourcesBuildPhase section */

/* Begin PBXSourcesBuildPhase section */
		E82B3BD62BE79DCB00D956CE /* Sources */ = {
			isa = PBXSourcesBuildPhase;
			buildActionMask = 2147483647;
			files = (
				E82B3BEF2BE7AD9800D956CE /* CoreDataManger.swift in Sources */,
				E8BBCA8B2BE8A35200A8838F /* TaskEntity+Extension.swift in Sources */,
				E8BBCA8E2BE8B47A00A8838F /* MOCDelete.swift in Sources */,
				E8BBCA902BE8E47400A8838F /* EditTaskView.swift in Sources */,
				E82B3BF12BE7B48800D956CE /* PeopleView.swift in Sources */,
				E8BBCA832BE8944900A8838F /* SwiftUIView.swift in Sources */,
				E8BBCA922BE8EDF400A8838F /* InsertTaskView.swift in Sources */,
				E82B3BED2BE7A68600D956CE /* MasteryData.xcdatamodeld in Sources */,
				E82817BE2BE7D0D900410F65 /* ParkEntity+Extension.swift in Sources */,
				E82B3BE02BE79DCB00D956CE /* ContentView.swift in Sources */,
				E8BBCA7F2BE87FD800A8838F /* FetchRequestBuiltIntoEntity.swift in Sources */,
				E8BBCA812BE88CDE00A8838F /* SFRIntro.swift in Sources */,
				E8A094212BE7C3280022C3CA /* PreviewingDataIntro.swift in Sources */,
				E82817C02BE7D3A400410F65 /* ParksView.swift in Sources */,
				E82B3BDE2BE79DCB00D956CE /* CoreDataMasteryApp.swift in Sources */,
			);
			runOnlyForDeploymentPostprocessing = 0;
		};
/* End PBXSourcesBuildPhase section */

/* Begin XCBuildConfiguration section */
		E82B3BE62BE79DCC00D956CE /* Debug */ = {
			isa = XCBuildConfiguration;
			buildSettings = {
				ALWAYS_SEARCH_USER_PATHS = NO;
				ASSETCATALOG_COMPILER_GENERATE_SWIFT_ASSET_SYMBOL_EXTENSIONS = YES;
				CLANG_ANALYZER_NONNULL = YES;
				CLANG_ANALYZER_NUMBER_OBJECT_CONVERSION = YES_AGGRESSIVE;
				CLANG_CXX_LANGUAGE_STANDARD = "gnu++20";
				CLANG_ENABLE_MODULES = YES;
				CLANG_ENABLE_OBJC_ARC = YES;
				CLANG_ENABLE_OBJC_WEAK = YES;
				CLANG_WARN_BLOCK_CAPTURE_AUTORELEASING = YES;
				CLANG_WARN_BOOL_CONVERSION = YES;
				CLANG_WARN_COMMA = YES;
				CLANG_WARN_CONSTANT_CONVERSION = YES;
				CLANG_WARN_DEPRECATED_OBJC_IMPLEMENTATIONS = YES;
				CLANG_WARN_DIRECT_OBJC_ISA_USAGE = YES_ERROR;
				CLANG_WARN_DOCUMENTATION_COMMENTS = YES;
				CLANG_WARN_EMPTY_BODY = YES;
				CLANG_WARN_ENUM_CONVERSION = YES;
				CLANG_WARN_INFINITE_RECURSION = YES;
				CLANG_WARN_INT_CONVERSION = YES;
				CLANG_WARN_NON_LITERAL_NULL_CONVERSION = YES;
				CLANG_WARN_OBJC_IMPLICIT_RETAIN_SELF = YES;
				CLANG_WARN_OBJC_LITERAL_CONVERSION = YES;
				CLANG_WARN_OBJC_ROOT_CLASS = YES_ERROR;
				CLANG_WARN_QUOTED_INCLUDE_IN_FRAMEWORK_HEADER = YES;
				CLANG_WARN_RANGE_LOOP_ANALYSIS = YES;
				CLANG_WARN_STRICT_PROTOTYPES = YES;
				CLANG_WARN_SUSPICIOUS_MOVE = YES;
				CLANG_WARN_UNGUARDED_AVAILABILITY = YES_AGGRESSIVE;
				CLANG_WARN_UNREACHABLE_CODE = YES;
				CLANG_WARN__DUPLICATE_METHOD_MATCH = YES;
				COPY_PHASE_STRIP = NO;
				DEBUG_INFORMATION_FORMAT = dwarf;
				ENABLE_STRICT_OBJC_MSGSEND = YES;
				ENABLE_TESTABILITY = YES;
				ENABLE_USER_SCRIPT_SANDBOXING = YES;
				GCC_C_LANGUAGE_STANDARD = gnu17;
				GCC_DYNAMIC_NO_PIC = NO;
				GCC_NO_COMMON_BLOCKS = YES;
				GCC_OPTIMIZATION_LEVEL = 0;
				GCC_PREPROCESSOR_DEFINITIONS = (
					"DEBUG=1",
					"$(inherited)",
				);
				GCC_WARN_64_TO_32_BIT_CONVERSION = YES;
				GCC_WARN_ABOUT_RETURN_TYPE = YES_ERROR;
				GCC_WARN_UNDECLARED_SELECTOR = YES;
				GCC_WARN_UNINITIALIZED_AUTOS = YES_AGGRESSIVE;
				GCC_WARN_UNUSED_FUNCTION = YES;
				GCC_WARN_UNUSED_VARIABLE = YES;
				IPHONEOS_DEPLOYMENT_TARGET = 17.4;
				LOCALIZATION_PREFERS_STRING_CATALOGS = YES;
				MTL_ENABLE_DEBUG_INFO = INCLUDE_SOURCE;
				MTL_FAST_MATH = YES;
				ONLY_ACTIVE_ARCH = YES;
				SDKROOT = iphoneos;
				SWIFT_ACTIVE_COMPILATION_CONDITIONS = "DEBUG $(inherited)";
				SWIFT_OPTIMIZATION_LEVEL = "-Onone";
			};
			name = Debug;
		};
		E82B3BE72BE79DCC00D956CE /* Release */ = {
			isa = XCBuildConfiguration;
			buildSettings = {
				ALWAYS_SEARCH_USER_PATHS = NO;
				ASSETCATALOG_COMPILER_GENERATE_SWIFT_ASSET_SYMBOL_EXTENSIONS = YES;
				CLANG_ANALYZER_NONNULL = YES;
				CLANG_ANALYZER_NUMBER_OBJECT_CONVERSION = YES_AGGRESSIVE;
				CLANG_CXX_LANGUAGE_STANDARD = "gnu++20";
				CLANG_ENABLE_MODULES = YES;
				CLANG_ENABLE_OBJC_ARC = YES;
				CLANG_ENABLE_OBJC_WEAK = YES;
				CLANG_WARN_BLOCK_CAPTURE_AUTORELEASING = YES;
				CLANG_WARN_BOOL_CONVERSION = YES;
				CLANG_WARN_COMMA = YES;
				CLANG_WARN_CONSTANT_CONVERSION = YES;
				CLANG_WARN_DEPRECATED_OBJC_IMPLEMENTATIONS = YES;
				CLANG_WARN_DIRECT_OBJC_ISA_USAGE = YES_ERROR;
				CLANG_WARN_DOCUMENTATION_COMMENTS = YES;
				CLANG_WARN_EMPTY_BODY = YES;
				CLANG_WARN_ENUM_CONVERSION = YES;
				CLANG_WARN_INFINITE_RECURSION = YES;
				CLANG_WARN_INT_CONVERSION = YES;
				CLANG_WARN_NON_LITERAL_NULL_CONVERSION = YES;
				CLANG_WARN_OBJC_IMPLICIT_RETAIN_SELF = YES;
				CLANG_WARN_OBJC_LITERAL_CONVERSION = YES;
				CLANG_WARN_OBJC_ROOT_CLASS = YES_ERROR;
				CLANG_WARN_QUOTED_INCLUDE_IN_FRAMEWORK_HEADER = YES;
				CLANG_WARN_RANGE_LOOP_ANALYSIS = YES;
				CLANG_WARN_STRICT_PROTOTYPES = YES;
				CLANG_WARN_SUSPICIOUS_MOVE = YES;
				CLANG_WARN_UNGUARDED_AVAILABILITY = YES_AGGRESSIVE;
				CLANG_WARN_UNREACHABLE_CODE = YES;
				CLANG_WARN__DUPLICATE_METHOD_MATCH = YES;
				COPY_PHASE_STRIP = NO;
				DEBUG_INFORMATION_FORMAT = "dwarf-with-dsym";
				ENABLE_NS_ASSERTIONS = NO;
				ENABLE_STRICT_OBJC_MSGSEND = YES;
				ENABLE_USER_SCRIPT_SANDBOXING = YES;
				GCC_C_LANGUAGE_STANDARD = gnu17;
				GCC_NO_COMMON_BLOCKS = YES;
				GCC_WARN_64_TO_32_BIT_CONVERSION = YES;
				GCC_WARN_ABOUT_RETURN_TYPE = YES_ERROR;
				GCC_WARN_UNDECLARED_SELECTOR = YES;
				GCC_WARN_UNINITIALIZED_AUTOS = YES_AGGRESSIVE;
				GCC_WARN_UNUSED_FUNCTION = YES;
				GCC_WARN_UNUSED_VARIABLE = YES;
				IPHONEOS_DEPLOYMENT_TARGET = 17.4;
				LOCALIZATION_PREFERS_STRING_CATALOGS = YES;
				MTL_ENABLE_DEBUG_INFO = NO;
				MTL_FAST_MATH = YES;
				SDKROOT = iphoneos;
				SWIFT_COMPILATION_MODE = wholemodule;
				VALIDATE_PRODUCT = YES;
			};
			name = Release;
		};
		E82B3BE92BE79DCC00D956CE /* Debug */ = {
			isa = XCBuildConfiguration;
			buildSettings = {
				ASSETCATALOG_COMPILER_APPICON_NAME = AppIcon;
				ASSETCATALOG_COMPILER_GLOBAL_ACCENT_COLOR_NAME = AccentColor;
				CODE_SIGN_STYLE = Automatic;
				CURRENT_PROJECT_VERSION = 1;
				DEVELOPMENT_ASSET_PATHS = "\"CoreDataMastery/Preview Content\"";
				DEVELOPMENT_TEAM = 723HTEFHBA;
				ENABLE_PREVIEWS = YES;
				GENERATE_INFOPLIST_FILE = YES;
				INFOPLIST_KEY_UIApplicationSceneManifest_Generation = YES;
				INFOPLIST_KEY_UIApplicationSupportsIndirectInputEvents = YES;
				INFOPLIST_KEY_UILaunchScreen_Generation = YES;
				INFOPLIST_KEY_UISupportedInterfaceOrientations_iPad = "UIInterfaceOrientationPortrait UIInterfaceOrientationPortraitUpsideDown UIInterfaceOrientationLandscapeLeft UIInterfaceOrientationLandscapeRight";
				INFOPLIST_KEY_UISupportedInterfaceOrientations_iPhone = "UIInterfaceOrientationPortrait UIInterfaceOrientationLandscapeLeft UIInterfaceOrientationLandscapeRight";
				LD_RUNPATH_SEARCH_PATHS = (
					"$(inherited)",
					"@executable_path/Frameworks",
				);
				MARKETING_VERSION = 1.0;
				PRODUCT_BUNDLE_IDENTIFIER = ru.fibeapp.CoreDataMastery;
				PRODUCT_NAME = "$(TARGET_NAME)";
				SWIFT_EMIT_LOC_STRINGS = YES;
				SWIFT_VERSION = 5.0;
				TARGETED_DEVICE_FAMILY = "1,2";
			};
			name = Debug;
		};
		E82B3BEA2BE79DCC00D956CE /* Release */ = {
			isa = XCBuildConfiguration;
			buildSettings = {
				ASSETCATALOG_COMPILER_APPICON_NAME = AppIcon;
				ASSETCATALOG_COMPILER_GLOBAL_ACCENT_COLOR_NAME = AccentColor;
				CODE_SIGN_STYLE = Automatic;
				CURRENT_PROJECT_VERSION = 1;
				DEVELOPMENT_ASSET_PATHS = "\"CoreDataMastery/Preview Content\"";
				DEVELOPMENT_TEAM = 723HTEFHBA;
				ENABLE_PREVIEWS = YES;
				GENERATE_INFOPLIST_FILE = YES;
				INFOPLIST_KEY_UIApplicationSceneManifest_Generation = YES;
				INFOPLIST_KEY_UIApplicationSupportsIndirectInputEvents = YES;
				INFOPLIST_KEY_UILaunchScreen_Generation = YES;
				INFOPLIST_KEY_UISupportedInterfaceOrientations_iPad = "UIInterfaceOrientationPortrait UIInterfaceOrientationPortraitUpsideDown UIInterfaceOrientationLandscapeLeft UIInterfaceOrientationLandscapeRight";
				INFOPLIST_KEY_UISupportedInterfaceOrientations_iPhone = "UIInterfaceOrientationPortrait UIInterfaceOrientationLandscapeLeft UIInterfaceOrientationLandscapeRight";
				LD_RUNPATH_SEARCH_PATHS = (
					"$(inherited)",
					"@executable_path/Frameworks",
				);
				MARKETING_VERSION = 1.0;
				PRODUCT_BUNDLE_IDENTIFIER = ru.fibeapp.CoreDataMastery;
				PRODUCT_NAME = "$(TARGET_NAME)";
				SWIFT_EMIT_LOC_STRINGS = YES;
				SWIFT_VERSION = 5.0;
				TARGETED_DEVICE_FAMILY = "1,2";
			};
			name = Release;
		};
/* End XCBuildConfiguration section */

/* Begin XCConfigurationList section */
		E82B3BD52BE79DCB00D956CE /* Build configuration list for PBXProject "CoreDataMastery" */ = {
			isa = XCConfigurationList;
			buildConfigurations = (
				E82B3BE62BE79DCC00D956CE /* Debug */,
				E82B3BE72BE79DCC00D956CE /* Release */,
			);
			defaultConfigurationIsVisible = 0;
			defaultConfigurationName = Release;
		};
		E82B3BE82BE79DCC00D956CE /* Build configuration list for PBXNativeTarget "CoreDataMastery" */ = {
			isa = XCConfigurationList;
			buildConfigurations = (
				E82B3BE92BE79DCC00D956CE /* Debug */,
				E82B3BEA2BE79DCC00D956CE /* Release */,
			);
			defaultConfigurationIsVisible = 0;
			defaultConfigurationName = Release;
		};
/* End XCConfigurationList section */

/* Begin XCVersionGroup section */
		E82B3BEB2BE7A68600D956CE /* MasteryData.xcdatamodeld */ = {
			isa = XCVersionGroup;
			children = (
				E82B3BEC2BE7A68600D956CE /* MasteryData.xcdatamodel */,
			);
			currentVersion = E82B3BEC2BE7A68600D956CE /* MasteryData.xcdatamodel */;
			path = MasteryData.xcdatamodeld;
			sourceTree = "<group>";
			versionGroupType = wrapper.xcdatamodel;
		};
/* End XCVersionGroup section */
	};
	rootObject = E82B3BD22BE79DCB00D956CE /* Project object */;
}
